
Microsoft Visual Studio Solution File, Format Version 12.00
# Visual Studio Version 17
VisualStudioVersion = 17.14.36301.6
MinimumVisualStudioVersion = 10.0.40219.1
Project("{FAE04EC0-301F-11D3-BF4B-00C04F79EFBC}") = "ShedulePlanner", "ShedulePlanner\ShedulePlanner.csproj", "{E76D03C8-AD6E-41E3-A36D-AEA73D98ED46}"
EndProject
Global
	GlobalSection(SolutionConfigurationPlatforms) = preSolution
		Debug|Any CPU = Debug|Any CPU
		Release|Any CPU = Release|Any CPU
	EndGlobalSection
	GlobalSection(ProjectConfigurationPlatforms) = postSolution
		{E76D03C8-AD6E-41E3-A36D-AEA73D98ED46}.Debug|Any CPU.ActiveCfg = Debug|Any CPU
		{E76D03C8-AD6E-41E3-A36D-AEA73D98ED46}.Debug|Any CPU.Build.0 = Debug|Any CPU
		{E76D03C8-AD6E-41E3-A36D-AEA73D98ED46}.Release|Any CPU.ActiveCfg = Release|Any CPU
		{E76D03C8-AD6E-41E3-A36D-AEA73D98ED46}.Release|Any CPU.Build.0 = Release|Any CPU
	EndGlobalSection
	GlobalSection(SolutionProperties) = preSolution
		HideSolutionNode = FALSE
	EndGlobalSection
	GlobalSection(ExtensibilityGlobals) = postSolution
		SolutionGuid = {6C6F0C3C-4E71-45B6-87F0-BE548DC25A77}
	EndGlobalSection
EndGlobal
